
Microsoft Visual Studio Solution File, Format Version 12.00
# Visual Studio 15
VisualStudioVersion = 15.0.27130.2010
MinimumVisualStudioVersion = 10.0.40219.1
Project("{2150E333-8FDC-42A3-9474-1A3956D46DE8}") = "SQL", "SQL", "{7102966C-72F7-4303-8FD0-EE03758DEE94}"
	ProjectSection(SolutionItems) = preProject
		SQL\init.sql = SQL\init.sql
	EndProjectSection
EndProject
Project("{9A19103F-16F7-4668-BE54-9A1E7A4F7556}") = "DaGetCore.WebApi", "DaGetCore.WebApi\DaGetCore.WebApi.csproj", "{CCC1BFBD-0463-43AF-9850-FF386D33B64C}"
EndProject
Project("{9A19103F-16F7-4668-BE54-9A1E7A4F7556}") = "DaGetCore.Service", "DaGetCore.Service\DaGetCore.Service.csproj", "{92C2BAF3-D7E5-4BF6-8ACA-187E9D7330C7}"
EndProject
Project("{9A19103F-16F7-4668-BE54-9A1E7A4F7556}") = "DaGetCore.Domain", "DaGetCore.Domain\DaGetCore.Domain.csproj", "{7FB56347-514E-4BAE-96C2-41E1F3EBF7B2}"
EndProject
Project("{9A19103F-16F7-4668-BE54-9A1E7A4F7556}") = "DaGetCore.Dal.Interface", "DaGetCore.Dal.Interface\DaGetCore.Dal.Interface.csproj", "{38AE3DA3-6B14-438F-82C4-06353D3B9E1F}"
EndProject
Project("{FAE04EC0-301F-11D3-BF4B-00C04F79EFBC}") = "DaGetCore.Dal.EF", "DaGetCore.Dal.EF\DaGetCore.Dal.EF.csproj", "{78494178-F95A-4493-B264-0FEE4897CA8C}"
EndProject
Global
	GlobalSection(SolutionConfigurationPlatforms) = preSolution
		Debug|Any CPU = Debug|Any CPU
		Release|Any CPU = Release|Any CPU
	EndGlobalSection
	GlobalSection(ProjectConfigurationPlatforms) = postSolution
		{CCC1BFBD-0463-43AF-9850-FF386D33B64C}.Debug|Any CPU.ActiveCfg = Debug|Any CPU
		{CCC1BFBD-0463-43AF-9850-FF386D33B64C}.Debug|Any CPU.Build.0 = Debug|Any CPU
		{CCC1BFBD-0463-43AF-9850-FF386D33B64C}.Release|Any CPU.ActiveCfg = Release|Any CPU
		{CCC1BFBD-0463-43AF-9850-FF386D33B64C}.Release|Any CPU.Build.0 = Release|Any CPU
		{92C2BAF3-D7E5-4BF6-8ACA-187E9D7330C7}.Debug|Any CPU.ActiveCfg = Debug|Any CPU
		{92C2BAF3-D7E5-4BF6-8ACA-187E9D7330C7}.Debug|Any CPU.Build.0 = Debug|Any CPU
		{92C2BAF3-D7E5-4BF6-8ACA-187E9D7330C7}.Release|Any CPU.ActiveCfg = Release|Any CPU
		{92C2BAF3-D7E5-4BF6-8ACA-187E9D7330C7}.Release|Any CPU.Build.0 = Release|Any CPU
		{7FB56347-514E-4BAE-96C2-41E1F3EBF7B2}.Debug|Any CPU.ActiveCfg = Debug|Any CPU
		{7FB56347-514E-4BAE-96C2-41E1F3EBF7B2}.Debug|Any CPU.Build.0 = Debug|Any CPU
		{7FB56347-514E-4BAE-96C2-41E1F3EBF7B2}.Release|Any CPU.ActiveCfg = Release|Any CPU
		{7FB56347-514E-4BAE-96C2-41E1F3EBF7B2}.Release|Any CPU.Build.0 = Release|Any CPU
		{38AE3DA3-6B14-438F-82C4-06353D3B9E1F}.Debug|Any CPU.ActiveCfg = Debug|Any CPU
		{38AE3DA3-6B14-438F-82C4-06353D3B9E1F}.Debug|Any CPU.Build.0 = Debug|Any CPU
		{38AE3DA3-6B14-438F-82C4-06353D3B9E1F}.Release|Any CPU.ActiveCfg = Release|Any CPU
		{38AE3DA3-6B14-438F-82C4-06353D3B9E1F}.Release|Any CPU.Build.0 = Release|Any CPU
		{78494178-F95A-4493-B264-0FEE4897CA8C}.Debug|Any CPU.ActiveCfg = Debug|Any CPU
		{78494178-F95A-4493-B264-0FEE4897CA8C}.Debug|Any CPU.Build.0 = Debug|Any CPU
		{78494178-F95A-4493-B264-0FEE4897CA8C}.Release|Any CPU.ActiveCfg = Release|Any CPU
		{78494178-F95A-4493-B264-0FEE4897CA8C}.Release|Any CPU.Build.0 = Release|Any CPU
	EndGlobalSection
	GlobalSection(SolutionProperties) = preSolution
		HideSolutionNode = FALSE
	EndGlobalSection
	GlobalSection(ExtensibilityGlobals) = postSolution
		SolutionGuid = {26111B33-1D52-44B1-810E-FBE32F620986}
	EndGlobalSection
EndGlobal
